
Microsoft Visual Studio Solution File, Format Version 12.00
# Visual Studio Version 17
VisualStudioVersion = 17.4.33110.190
MinimumVisualStudioVersion = 10.0.40219.1
Project("{FAE04EC0-301F-11D3-BF4B-00C04F79EFBC}") = "CSharpShop3", "CSharpShop3\CSharpShop3.csproj", "{F11C898F-79F1-453B-8A55-CD5E45E639CA}"
EndProject
Global
	GlobalSection(SolutionConfigurationPlatforms) = preSolution
		Debug|Any CPU = Debug|Any CPU
		Release|Any CPU = Release|Any CPU
	EndGlobalSection
	GlobalSection(ProjectConfigurationPlatforms) = postSolution
		{F11C898F-79F1-453B-8A55-CD5E45E639CA}.Debug|Any CPU.ActiveCfg = Debug|Any CPU
		{F11C898F-79F1-453B-8A55-CD5E45E639CA}.Debug|Any CPU.Build.0 = Debug|Any CPU
		{F11C898F-79F1-453B-8A55-CD5E45E639CA}.Release|Any CPU.ActiveCfg = Release|Any CPU
		{F11C898F-79F1-453B-8A55-CD5E45E639CA}.Release|Any CPU.Build.0 = Release|Any CPU
	EndGlobalSection
	GlobalSection(SolutionProperties) = preSolution
		HideSolutionNode = FALSE
	EndGlobalSection
	GlobalSection(ExtensibilityGlobals) = postSolution
		SolutionGuid = {0D4B774E-D20A-4D95-93FF-F7CAE0135A7D}
	EndGlobalSection
EndGlobal
